
Microsoft Visual Studio Solution File, Format Version 12.00
# Visual Studio Version 16
VisualStudioVersion = 16.0.29920.165
MinimumVisualStudioVersion = 10.0.40219.1
Project("{FAE04EC0-301F-11D3-BF4B-00C04F79EFBC}") = "PNet_Lab_1", "PNet_Lab_1.csproj", "{581BC159-1BE0-4397-951C-771C3906CB90}"
EndProject
Global
	GlobalSection(SolutionConfigurationPlatforms) = preSolution
		Debug|Any CPU = Debug|Any CPU
		Release|Any CPU = Release|Any CPU
	EndGlobalSection
	GlobalSection(ProjectConfigurationPlatforms) = postSolution
		{581BC159-1BE0-4397-951C-771C3906CB90}.Debug|Any CPU.ActiveCfg = Debug|Any CPU
		{581BC159-1BE0-4397-951C-771C3906CB90}.Debug|Any CPU.Build.0 = Debug|Any CPU
		{581BC159-1BE0-4397-951C-771C3906CB90}.Release|Any CPU.ActiveCfg = Release|Any CPU
		{581BC159-1BE0-4397-951C-771C3906CB90}.Release|Any CPU.Build.0 = Release|Any CPU
	EndGlobalSection
	GlobalSection(SolutionProperties) = preSolution
		HideSolutionNode = FALSE
	EndGlobalSection
	GlobalSection(ExtensibilityGlobals) = postSolution
		SolutionGuid = {8C612848-1028-4F75-B347-BAD7E0EF0BCD}
	EndGlobalSection
EndGlobal
