
Microsoft Visual Studio Solution File, Format Version 12.00
# Visual Studio Version 16
VisualStudioVersion = 16.0.30002.166
MinimumVisualStudioVersion = 10.0.40219.1
Project("{FAE04EC0-301F-11D3-BF4B-00C04F79EFBC}") = "PNet_Lab_2", "PNet_Lab_2.csproj", "{01665891-5FCE-466C-9C83-2D6197872767}"
EndProject
Global
	GlobalSection(SolutionConfigurationPlatforms) = preSolution
		Debug|Any CPU = Debug|Any CPU
		Release|Any CPU = Release|Any CPU
	EndGlobalSection
	GlobalSection(ProjectConfigurationPlatforms) = postSolution
		{01665891-5FCE-466C-9C83-2D6197872767}.Debug|Any CPU.ActiveCfg = Debug|Any CPU
		{01665891-5FCE-466C-9C83-2D6197872767}.Debug|Any CPU.Build.0 = Debug|Any CPU
		{01665891-5FCE-466C-9C83-2D6197872767}.Release|Any CPU.ActiveCfg = Release|Any CPU
		{01665891-5FCE-466C-9C83-2D6197872767}.Release|Any CPU.Build.0 = Release|Any CPU
	EndGlobalSection
	GlobalSection(SolutionProperties) = preSolution
		HideSolutionNode = FALSE
	EndGlobalSection
	GlobalSection(ExtensibilityGlobals) = postSolution
		SolutionGuid = {B35C3BB9-6971-46B3-9E8F-7E879905C1D4}
	EndGlobalSection
EndGlobal
